// !$*UTF8*$!
{
	archiveVersion = 1;
	classes = {
	};
	objectVersion = 46;
	objects = {

/* Begin PBXBuildFile section */
		526CF1101F28EDB9004A6C53 /* AppDelegate.swift in Sources */ = {isa = PBXBuildFile; fileRef = 526CF10F1F28EDB9004A6C53 /* AppDelegate.swift */; };
		526CF1121F28EDB9004A6C53 /* ViewController.swift in Sources */ = {isa = PBXBuildFile; fileRef = 526CF1111F28EDB9004A6C53 /* ViewController.swift */; };
		526CF1151F28EDB9004A6C53 /* Main.storyboard in Resources */ = {isa = PBXBuildFile; fileRef = 526CF1131F28EDB9004A6C53 /* Main.storyboard */; };
		526CF1171F28EDB9004A6C53 /* Assets.xcassets in Resources */ = {isa = PBXBuildFile; fileRef = 526CF1161F28EDB9004A6C53 /* Assets.xcassets */; };
		526CF11A1F28EDB9004A6C53 /* LaunchScreen.storyboard in Resources */ = {isa = PBXBuildFile; fileRef = 526CF1181F28EDB9004A6C53 /* LaunchScreen.storyboard */; };
/* End PBXBuildFile section */

/* Begin PBXFileReference section */
		526CF10C1F28EDB9004A6C53 /* DragAndDropCellsExample.app */ = {isa = PBXFileReference; explicitFileType = wrapper.application; includeInIndex = 0; path = DragAndDropCellsExample.app; sourceTree = BUILT_PRODUCTS_DIR; };
		526CF10F1F28EDB9004A6C53 /* AppDelegate.swift */ = {isa = PBXFileReference; lastKnownFileType = sourcecode.swift; path = AppDelegate.swift; sourceTree = "<group>"; };
		526CF1111F28EDB9004A6C53 /* ViewController.swift */ = {isa = PBXFileReference; lastKnownFileType = sourcecode.swift; path = ViewController.swift; sourceTree = "<group>"; };
		526CF1141F28EDB9004A6C53 /* Base */ = {isa = PBXFileReference; lastKnownFileType = file.storyboard; name = Base; path = Base.lproj/Main.storyboard; sourceTree = "<group>"; };
		526CF1161F28EDB9004A6C53 /* Assets.xcassets */ = {isa = PBXFileReference; lastKnownFileType = folder.assetcatalog; path = Assets.xcassets; sourceTree = "<group>"; };
		526CF1191F28EDB9004A6C53 /* Base */ = {isa = PBXFileReference; lastKnownFileType = file.storyboard; name = Base; path = Base.lproj/LaunchScreen.storyboard; sourceTree = "<group>"; };
		526CF11B1F28EDB9004A6C53 /* Info.plist */ = {isa = PBXFileReference; lastKnownFileType = text.plist.xml; path = Info.plist; sourceTree = "<group>"; };
/* End PBXFileReference section */

/* Begin PBXFrameworksBuildPhase section */
		526CF1091F28EDB9004A6C53 /* Frameworks */ = {
			isa = PBXFrameworksBuildPhase;
			buildActionMask = 2147483647;
			files = (
			);
			runOnlyForDeploymentPostprocessing = 0;
		};
/* End PBXFrameworksBuildPhase section */

/* Begin PBXGroup section */
		526CF1031F28EDB9004A6C53 = {
			isa = PBXGroup;
			children = (
				526CF10E1F28EDB9004A6C53 /* DragAndDropCellsExample */,
				526CF10D1F28EDB9004A6C53 /* Products */,
			);
			sourceTree = "<group>";
		};
		526CF10D1F28EDB9004A6C53 /* Products */ = {
			isa = PBXGroup;
			children = (
				526CF10C1F28EDB9004A6C53 /* DragAndDropCellsExample.app */,
			);
			name = Products;
			sourceTree = "<group>";
		};
		526CF10E1F28EDB9004A6C53 /* DragAndDropCellsExample */ = {
			isa = PBXGroup;
			children = (
				526CF10F1F28EDB9004A6C53 /* AppDelegate.swift */,
				526CF1111F28EDB9004A6C53 /* ViewController.swift */,
				526CF1131F28EDB9004A6C53 /* Main.storyboard */,
				526CF1161F28EDB9004A6C53 /* Assets.xcassets */,
				526CF1181F28EDB9004A6C53 /* LaunchScreen.storyboard */,
				526CF11B1F28EDB9004A6C53 /* Info.plist */,
			);
			path = DragAndDropCellsExample;
			sourceTree = "<group>";
		};
/* End PBXGroup section */

/* Begin PBXNativeTarget section */
		526CF10B1F28EDB9004A6C53 /* DragAndDropCellsExample */ = {
			isa = PBXNativeTarget;
			buildConfigurationList = 526CF11E1F28EDB9004A6C53 /* Build configuration list for PBXNativeTarget "DragAndDropCellsExample" */;
			buildPhases = (
				526CF1081F28EDB9004A6C53 /* Sources */,
				526CF1091F28EDB9004A6C53 /* Frameworks */,
				526CF10A1F28EDB9004A6C53 /* Resources */,
			);
			buildRules = (
			);
			dependencies = (
			);
			name = DragAndDropCellsExample;
			productName = DragAndDropCellsExample;
			productReference = 526CF10C1F28EDB9004A6C53 /* DragAndDropCellsExample.app */;
			productType = "com.apple.product-type.application";
		};
/* End PBXNativeTarget section */

/* Begin PBXProject section */
		526CF1041F28EDB9004A6C53 /* Project object */ = {
			isa = PBXProject;
			attributes = {
				LastSwiftUpdateCheck = 0830;
				LastUpgradeCheck = 0830;
				ORGANIZATIONNAME = "Stanly Shiyanovskiy";
				TargetAttributes = {
					526CF10B1F28EDB9004A6C53 = {
						CreatedOnToolsVersion = 8.3.3;
						DevelopmentTeam = 3PTYV272Z4;
						ProvisioningStyle = Automatic;
					};
				};
			};
			buildConfigurationList = 526CF1071F28EDB9004A6C53 /* Build configuration list for PBXProject "DragAndDropCellsExample" */;
			compatibilityVersion = "Xcode 3.2";
			developmentRegion = English;
			hasScannedForEncodings = 0;
			knownRegions = (
				en,
				Base,
			);
			mainGroup = 526CF1031F28EDB9004A6C53;
			productRefGroup = 526CF10D1F28EDB9004A6C53 /* Products */;
			projectDirPath = "";
			projectRoot = "";
			targets = (
				526CF10B1F28EDB9004A6C53 /* DragAndDropCellsExample */,
			);
		};
/* End PBXProject section */

/* Begin PBXResourcesBuildPhase section */
		526CF10A1F28EDB9004A6C53 /* Resources */ = {
			isa = PBXResourcesBuildPhase;
			buildActionMask = 2147483647;
			files = (
				526CF11A1F28EDB9004A6C53 /* LaunchScreen.storyboard in Resources */,
				526CF1171F28EDB9004A6C53 /* Assets.xcassets in Resources */,
				526CF1151F28EDB9004A6C53 /* Main.storyboard in Resources */,
			);
			runOnlyForDeploymentPostprocessing = 0;
		};
/* End PBXResourcesBuildPhase section */

/* Begin PBXSourcesBuildPhase section */
		526CF1081F28EDB9004A6C53 /* Sources */ = {
			isa = PBXSourcesBuildPhase;
			buildActionMask = 2147483647;
			files = (
				526CF1121F28EDB9004A6C53 /* ViewController.swift in Sources */,
				526CF1101F28EDB9004A6C53 /* AppDelegate.swift in Sources */,
			);
			runOnlyForDeploymentPostprocessing = 0;
		};
/* End PBXSourcesBuildPhase section */

/* Begin PBXVariantGroup section */
		526CF1131F28EDB9004A6C53 /* Main.storyboard */ = {
			isa = PBXVariantGroup;
			children = (
				526CF1141F28EDB9004A6C53 /* Base */,
			);
			name = Main.storyboard;
			sourceTree = "<group>";
		};
		526CF1181F28EDB9004A6C53 /* LaunchScreen.storyboard */ = {
			isa = PBXVariantGroup;
			children = (
				526CF1191F28EDB9004A6C53 /* Base */,
			);
			name = LaunchScreen.storyboard;
			sourceTree = "<group>";
		};
/* End PBXVariantGroup section */

/* Begin XCBuildConfiguration section */
		526CF11C1F28EDB9004A6C53 /* Debug */ = {
			isa = XCBuildConfiguration;
			buildSettings = {
				ALWAYS_SEARCH_USER_PATHS = NO;
				CLANG_ANALYZER_NONNULL = YES;
				CLANG_ANALYZER_NUMBER_OBJECT_CONVERSION = YES_AGGRESSIVE;
				CLANG_CXX_LANGUAGE_STANDARD = "gnu++0x";
				CLANG_CXX_LIBRARY = "libc++";
				CLANG_ENABLE_MODULES = YES;
				CLANG_ENABLE_OBJC_ARC = YES;
				CLANG_WARN_BOOL_CONVERSION = YES;
				CLANG_WARN_CONSTANT_CONVERSION = YES;
				CLANG_WARN_DIRECT_OBJC_ISA_USAGE = YES_ERROR;
				CLANG_WARN_DOCUMENTATION_COMMENTS = YES;
				CLANG_WARN_EMPTY_BODY = YES;
				CLANG_WARN_ENUM_CONVERSION = YES;
				CLANG_WARN_INFINITE_RECURSION = YES;
				CLANG_WARN_INT_CONVERSION = YES;
				CLANG_WARN_OBJC_ROOT_CLASS = YES_ERROR;
				CLANG_WARN_SUSPICIOUS_MOVE = YES;
				CLANG_WARN_UNREACHABLE_CODE = YES;
				CLANG_WARN__DUPLICATE_METHOD_MATCH = YES;
				"CODE_SIGN_IDENTITY[sdk=iphoneos*]" = "iPhone Developer";
				COPY_PHASE_STRIP = NO;
				DEBUG_INFORMATION_FORMAT = dwarf;
				ENABLE_STRICT_OBJC_MSGSEND = YES;
				ENABLE_TESTABILITY = YES;
				GCC_C_LANGUAGE_STANDARD = gnu99;
				GCC_DYNAMIC_NO_PIC = NO;
				GCC_NO_COMMON_BLOCKS = YES;
				GCC_OPTIMIZATION_LEVEL = 0;
				GCC_PREPROCESSOR_DEFINITIONS = (
					"DEBUG=1",
					"$(inherited)",
				);
				GCC_WARN_64_TO_32_BIT_CONVERSION = YES;
				GCC_WARN_ABOUT_RETURN_TYPE = YES_ERROR;
				GCC_WARN_UNDECLARED_SELECTOR = YES;
				GCC_WARN_UNINITIALIZED_AUTOS = YES_AGGRESSIVE;
				GCC_WARN_UNUSED_FUNCTION = YES;
				GCC_WARN_UNUSED_VARIABLE = YES;
				IPHONEOS_DEPLOYMENT_TARGET = 10.3;
				MTL_ENABLE_DEBUG_INFO = YES;
				ONLY_ACTIVE_ARCH = YES;
				SDKROOT = iphoneos;
				SWIFT_ACTIVE_COMPILATION_CONDITIONS = DEBUG;
				SWIFT_OPTIMIZATION_LEVEL = "-Onone";
			};
			name = Debug;
		};
		526CF11D1F28EDB9004A6C53 /* Release */ = {
			isa = XCBuildConfiguration;
			buildSettings = {
				ALWAYS_SEARCH_USER_PATHS = NO;
				CLANG_ANALYZER_NONNULL = YES;
				CLANG_ANALYZER_NUMBER_OBJECT_CONVERSION = YES_AGGRESSIVE;
				CLANG_CXX_LANGUAGE_STANDARD = "gnu++0x";
				CLANG_CXX_LIBRARY = "libc++";
				CLANG_ENABLE_MODULES = YES;
				CLANG_ENABLE_OBJC_ARC = YES;
				CLANG_WARN_BOOL_CONVERSION = YES;
				CLANG_WARN_CONSTANT_CONVERSION = YES;
				CLANG_WARN_DIRECT_OBJC_ISA_USAGE = YES_ERROR;
				CLANG_WARN_DOCUMENTATION_COMMENTS = YES;
				CLANG_WARN_EMPTY_BODY = YES;
				CLANG_WARN_ENUM_CONVERSION = YES;
				CLANG_WARN_INFINITE_RECURSION = YES;
				CLANG_WARN_INT_CONVERSION = YES;
				CLANG_WARN_OBJC_ROOT_CLASS = YES_ERROR;
				CLANG_WARN_SUSPICIOUS_MOVE = YES;
				CLANG_WARN_UNREACHABLE_CODE = YES;
				CLANG_WARN__DUPLICATE_METHOD_MATCH = YES;
				"CODE_SIGN_IDENTITY[sdk=iphoneos*]" = "iPhone Developer";
				COPY_PHASE_STRIP = NO;
				DEBUG_INFORMATION_FORMAT = "dwarf-with-dsym";
				ENABLE_NS_ASSERTIONS = NO;
				ENABLE_STRICT_OBJC_MSGSEND = YES;
				GCC_C_LANGUAGE_STANDARD = gnu99;
				GCC_NO_COMMON_BLOCKS = YES;
				GCC_WARN_64_TO_32_BIT_CONVERSION = YES;
				GCC_WARN_ABOUT_RETURN_TYPE = YES_ERROR;
				GCC_WARN_UNDECLARED_SELECTOR = YES;
				GCC_WARN_UNINITIALIZED_AUTOS = YES_AGGRESSIVE;
				GCC_WARN_UNUSED_FUNCTION = YES;
				GCC_WARN_UNUSED_VARIABLE = YES;
				IPHONEOS_DEPLOYMENT_TARGET = 10.3;
				MTL_ENABLE_DEBUG_INFO = NO;
				SDKROOT = iphoneos;
				SWIFT_OPTIMIZATION_LEVEL = "-Owholemodule";
				VALIDATE_PRODUCT = YES;
			};
			name = Release;
		};
		526CF11F1F28EDB9004A6C53 /* Debug */ = {
			isa = XCBuildConfiguration;
			buildSettings = {
				ASSETCATALOG_COMPILER_APPICON_NAME = AppIcon;
				DEVELOPMENT_TEAM = 3PTYV272Z4;
				INFOPLIST_FILE = DragAndDropCellsExample/Info.plist;
				LD_RUNPATH_SEARCH_PATHS = "$(inherited) @executable_path/Frameworks";
				PRODUCT_BUNDLE_IDENTIFIER = SiS.DragAndDropCellsExample;
				PRODUCT_NAME = "$(TARGET_NAME)";
				SWIFT_VERSION = 3.0;
			};
			name = Debug;
		};
		526CF1201F28EDB9004A6C53 /* Release */ = {
			isa = XCBuildConfiguration;
			buildSettings = {
				ASSETCATALOG_COMPILER_APPICON_NAME = AppIcon;
				DEVELOPMENT_TEAM = 3PTYV272Z4;
				INFOPLIST_FILE = DragAndDropCellsExample/Info.plist;
				LD_RUNPATH_SEARCH_PATHS = "$(inherited) @executable_path/Frameworks";
				PRODUCT_BUNDLE_IDENTIFIER = SiS.DragAndDropCellsExample;
				PRODUCT_NAME = "$(TARGET_NAME)";
				SWIFT_VERSION = 3.0;
			};
			name = Release;
		};
/* End XCBuildConfiguration section */

/* Begin XCConfigurationList section */
		526CF1071F28EDB9004A6C53 /* Build configuration list for PBXProject "DragAndDropCellsExample" */ = {
			isa = XCConfigurationList;
			buildConfigurations = (
				526CF11C1F28EDB9004A6C53 /* Debug */,
				526CF11D1F28EDB9004A6C53 /* Release */,
			);
			defaultConfigurationIsVisible = 0;
			defaultConfigurationName = Release;
		};
		526CF11E1F28EDB9004A6C53 /* Build configuration list for PBXNativeTarget "DragAndDropCellsExample" */ = {
			isa = XCConfigurationList;
			buildConfigurations = (
				526CF11F1F28EDB9004A6C53 /* Debug */,
				526CF1201F28EDB9004A6C53 /* Release */,
			);
			defaultConfigurationIsVisible = 0;
		};
/* End XCConfigurationList section */
	};
	rootObject = 526CF1041F28EDB9004A6C53 /* Project object */;
}
